// !$*UTF8*$!
{
	archiveVersion = 1;
	classes = {
	};
	objectVersion = 51;
	objects = {

/* Begin PBXBuildFile section */
		7072DD8824579B1F004BEA01 /* ViewController.swift in Sources */ = {isa = PBXBuildFile; fileRef = 7072DD7F24579B1F004BEA01 /* ViewController.swift */; };
		7072DD8924579B1F004BEA01 /* Assets.xcassets in Resources */ = {isa = PBXBuildFile; fileRef = 7072DD8024579B1F004BEA01 /* Assets.xcassets */; };
		7072DD8A24579B1F004BEA01 /* LaunchScreen.storyboard in Resources */ = {isa = PBXBuildFile; fileRef = 7072DD8124579B1F004BEA01 /* LaunchScreen.storyboard */; };
		7072DD8B24579B1F004BEA01 /* Main.storyboard in Resources */ = {isa = PBXBuildFile; fileRef = 7072DD8324579B1F004BEA01 /* Main.storyboard */; };
		7072DD8C24579B1F004BEA01 /* AppDelegate.swift in Sources */ = {isa = PBXBuildFile; fileRef = 7072DD8524579B1F004BEA01 /* AppDelegate.swift */; };
		7072DD8D24579B1F004BEA01 /* NavigationController.swift in Sources */ = {isa = PBXBuildFile; fileRef = 7072DD8624579B1F004BEA01 /* NavigationController.swift */; };
		E575472A4B17BFBE50013B4B /* Pods_TrueTransitionExample.framework in Frameworks */ = {isa = PBXBuildFile; fileRef = 5F03F66237F97938F854FF6F /* Pods_TrueTransitionExample.framework */; };
/* End PBXBuildFile section */

/* Begin PBXFileReference section */
		25BC6E13ADFF61552D53AEA3 /* Pods-TrueTransition.debug.xcconfig */ = {isa = PBXFileReference; includeInIndex = 1; lastKnownFileType = text.xcconfig; name = "Pods-TrueTransition.debug.xcconfig"; path = "Target Support Files/Pods-TrueTransition/Pods-TrueTransition.debug.xcconfig"; sourceTree = "<group>"; };
		3CAAC42383CC589E620076D5 /* Pods-TrueTransition.release.xcconfig */ = {isa = PBXFileReference; includeInIndex = 1; lastKnownFileType = text.xcconfig; name = "Pods-TrueTransition.release.xcconfig"; path = "Target Support Files/Pods-TrueTransition/Pods-TrueTransition.release.xcconfig"; sourceTree = "<group>"; };
		5F03F66237F97938F854FF6F /* Pods_TrueTransitionExample.framework */ = {isa = PBXFileReference; explicitFileType = wrapper.framework; includeInIndex = 0; path = Pods_TrueTransitionExample.framework; sourceTree = BUILT_PRODUCTS_DIR; };
		676B67E1906931003A09EFCF /* Pods_TrueTransitionTests.framework */ = {isa = PBXFileReference; explicitFileType = wrapper.framework; includeInIndex = 0; path = Pods_TrueTransitionTests.framework; sourceTree = BUILT_PRODUCTS_DIR; };
		700B7AA12211A88F00CC9D15 /* TrueTransitionExample.app */ = {isa = PBXFileReference; explicitFileType = wrapper.application; includeInIndex = 0; path = TrueTransitionExample.app; sourceTree = BUILT_PRODUCTS_DIR; };
		7072DD7F24579B1F004BEA01 /* ViewController.swift */ = {isa = PBXFileReference; fileEncoding = 4; lastKnownFileType = sourcecode.swift; path = ViewController.swift; sourceTree = "<group>"; };
		7072DD8024579B1F004BEA01 /* Assets.xcassets */ = {isa = PBXFileReference; lastKnownFileType = folder.assetcatalog; path = Assets.xcassets; sourceTree = "<group>"; };
		7072DD8224579B1F004BEA01 /* Base */ = {isa = PBXFileReference; lastKnownFileType = file.storyboard; name = Base; path = Base.lproj/LaunchScreen.storyboard; sourceTree = "<group>"; };
		7072DD8424579B1F004BEA01 /* Base */ = {isa = PBXFileReference; lastKnownFileType = file.storyboard; name = Base; path = Base.lproj/Main.storyboard; sourceTree = "<group>"; };
		7072DD8524579B1F004BEA01 /* AppDelegate.swift */ = {isa = PBXFileReference; fileEncoding = 4; lastKnownFileType = sourcecode.swift; path = AppDelegate.swift; sourceTree = "<group>"; };
		7072DD8624579B1F004BEA01 /* NavigationController.swift */ = {isa = PBXFileReference; fileEncoding = 4; lastKnownFileType = sourcecode.swift; path = NavigationController.swift; sourceTree = "<group>"; };
		7072DD8724579B1F004BEA01 /* Info.plist */ = {isa = PBXFileReference; fileEncoding = 4; lastKnownFileType = text.plist.xml; path = Info.plist; sourceTree = "<group>"; };
		708AC90A22F82774007EEE03 /* TrueTransition.framework */ = {isa = PBXFileReference; explicitFileType = wrapper.framework; path = TrueTransition.framework; sourceTree = BUILT_PRODUCTS_DIR; };
		84D98CEF63523AE25E1F8BE5 /* Pods-TrueTransitionTests.debug.xcconfig */ = {isa = PBXFileReference; includeInIndex = 1; lastKnownFileType = text.xcconfig; name = "Pods-TrueTransitionTests.debug.xcconfig"; path = "Target Support Files/Pods-TrueTransitionTests/Pods-TrueTransitionTests.debug.xcconfig"; sourceTree = "<group>"; };
		8A56D5F5653DA429C2AE5E15 /* Pods-TrueTransitionExample.debug.xcconfig */ = {isa = PBXFileReference; includeInIndex = 1; lastKnownFileType = text.xcconfig; name = "Pods-TrueTransitionExample.debug.xcconfig"; path = "Target Support Files/Pods-TrueTransitionExample/Pods-TrueTransitionExample.debug.xcconfig"; sourceTree = "<group>"; };
		A0D2B9B909B77B2180A0B617 /* Pods-TrueTransitionExample.release.xcconfig */ = {isa = PBXFileReference; includeInIndex = 1; lastKnownFileType = text.xcconfig; name = "Pods-TrueTransitionExample.release.xcconfig"; path = "Target Support Files/Pods-TrueTransitionExample/Pods-TrueTransitionExample.release.xcconfig"; sourceTree = "<group>"; };
		AE00EF11BA7A31846D0EE7BB /* Pods-TrueTransitionTests.release.xcconfig */ = {isa = PBXFileReference; includeInIndex = 1; lastKnownFileType = text.xcconfig; name = "Pods-TrueTransitionTests.release.xcconfig"; path = "Target Support Files/Pods-TrueTransitionTests/Pods-TrueTransitionTests.release.xcconfig"; sourceTree = "<group>"; };
/* End PBXFileReference section */

/* Begin PBXFrameworksBuildPhase section */
		700B7A9E2211A88F00CC9D15 /* Frameworks */ = {
			isa = PBXFrameworksBuildPhase;
			buildActionMask = 2147483647;
			files = (
				E575472A4B17BFBE50013B4B /* Pods_TrueTransitionExample.framework in Frameworks */,
			);
			runOnlyForDeploymentPostprocessing = 0;
		};
/* End PBXFrameworksBuildPhase section */

/* Begin PBXGroup section */
		6C3C4C57E496C4E4D9D5912A /* Frameworks */ = {
			isa = PBXGroup;
			children = (
				708AC90A22F82774007EEE03 /* TrueTransition.framework */,
				676B67E1906931003A09EFCF /* Pods_TrueTransitionTests.framework */,
				5F03F66237F97938F854FF6F /* Pods_TrueTransitionExample.framework */,
			);
			name = Frameworks;
			sourceTree = "<group>";
		};
		700B7A982211A88F00CC9D15 = {
			isa = PBXGroup;
			children = (
				7072DD7E24579B1F004BEA01 /* TrueTransition */,
				700B7AA22211A88F00CC9D15 /* Products */,
				73F3CB96148A4D39F702B320 /* Pods */,
				6C3C4C57E496C4E4D9D5912A /* Frameworks */,
			);
			sourceTree = "<group>";
		};
		700B7AA22211A88F00CC9D15 /* Products */ = {
			isa = PBXGroup;
			children = (
				700B7AA12211A88F00CC9D15 /* TrueTransitionExample.app */,
			);
			name = Products;
			sourceTree = "<group>";
		};
		7072DD7E24579B1F004BEA01 /* TrueTransition */ = {
			isa = PBXGroup;
			children = (
				7072DD7F24579B1F004BEA01 /* ViewController.swift */,
				7072DD8024579B1F004BEA01 /* Assets.xcassets */,
				7072DD8124579B1F004BEA01 /* LaunchScreen.storyboard */,
				7072DD8324579B1F004BEA01 /* Main.storyboard */,
				7072DD8524579B1F004BEA01 /* AppDelegate.swift */,
				7072DD8624579B1F004BEA01 /* NavigationController.swift */,
				7072DD8724579B1F004BEA01 /* Info.plist */,
			);
			path = TrueTransition;
			sourceTree = "<group>";
		};
		73F3CB96148A4D39F702B320 /* Pods */ = {
			isa = PBXGroup;
			children = (
				25BC6E13ADFF61552D53AEA3 /* Pods-TrueTransition.debug.xcconfig */,
				3CAAC42383CC589E620076D5 /* Pods-TrueTransition.release.xcconfig */,
				84D98CEF63523AE25E1F8BE5 /* Pods-TrueTransitionTests.debug.xcconfig */,
				AE00EF11BA7A31846D0EE7BB /* Pods-TrueTransitionTests.release.xcconfig */,
				8A56D5F5653DA429C2AE5E15 /* Pods-TrueTransitionExample.debug.xcconfig */,
				A0D2B9B909B77B2180A0B617 /* Pods-TrueTransitionExample.release.xcconfig */,
			);
			path = Pods;
			sourceTree = "<group>";
		};
/* End PBXGroup section */

/* Begin PBXNativeTarget section */
		700B7AA02211A88F00CC9D15 /* TrueTransitionExample */ = {
			isa = PBXNativeTarget;
			buildConfigurationList = 700B7AB32211A88F00CC9D15 /* Build configuration list for PBXNativeTarget "TrueTransitionExample" */;
			buildPhases = (
				412237F111EB79C64BCD9FED /* [CP] Check Pods Manifest.lock */,
				700B7A9D2211A88F00CC9D15 /* Sources */,
				700B7A9E2211A88F00CC9D15 /* Frameworks */,
				700B7A9F2211A88F00CC9D15 /* Resources */,
				0CBF1FD2CE77426F90D5C00F /* [CP] Embed Pods Frameworks */,
			);
			buildRules = (
			);
			dependencies = (
			);
			name = TrueTransitionExample;
			productName = TrueTransition;
			productReference = 700B7AA12211A88F00CC9D15 /* TrueTransitionExample.app */;
			productType = "com.apple.product-type.application";
		};
/* End PBXNativeTarget section */

/* Begin PBXProject section */
		700B7A992211A88F00CC9D15 /* Project object */ = {
			isa = PBXProject;
			attributes = {
				LastSwiftUpdateCheck = 1010;
				LastUpgradeCheck = 1010;
				ORGANIZATIONNAME = Shlesberg;
				TargetAttributes = {
					700B7AA02211A88F00CC9D15 = {
						CreatedOnToolsVersion = 10.1;
					};
				};
			};
			buildConfigurationList = 700B7A9C2211A88F00CC9D15 /* Build configuration list for PBXProject "TrueTransitionExample" */;
			compatibilityVersion = "Xcode 9.3";
			developmentRegion = en;
			hasScannedForEncodings = 0;
			knownRegions = (
				en,
				Base,
			);
			mainGroup = 700B7A982211A88F00CC9D15;
			productRefGroup = 700B7AA22211A88F00CC9D15 /* Products */;
			projectDirPath = "";
			projectRoot = "";
			targets = (
				700B7AA02211A88F00CC9D15 /* TrueTransitionExample */,
			);
		};
/* End PBXProject section */

/* Begin PBXResourcesBuildPhase section */
		700B7A9F2211A88F00CC9D15 /* Resources */ = {
			isa = PBXResourcesBuildPhase;
			buildActionMask = 2147483647;
			files = (
				7072DD8B24579B1F004BEA01 /* Main.storyboard in Resources */,
				7072DD8924579B1F004BEA01 /* Assets.xcassets in Resources */,
				7072DD8A24579B1F004BEA01 /* LaunchScreen.storyboard in Resources */,
			);
			runOnlyForDeploymentPostprocessing = 0;
		};
/* End PBXResourcesBuildPhase section */

/* Begin PBXShellScriptBuildPhase section */
		0CBF1FD2CE77426F90D5C00F /* [CP] Embed Pods Frameworks */ = {
			isa = PBXShellScriptBuildPhase;
			buildActionMask = 2147483647;
			files = (
			);
			inputFileListPaths = (
				"${PODS_ROOT}/Target Support Files/Pods-TrueTransitionExample/Pods-TrueTransitionExample-frameworks-${CONFIGURATION}-input-files.xcfilelist",
			);
			name = "[CP] Embed Pods Frameworks";
			outputFileListPaths = (
				"${PODS_ROOT}/Target Support Files/Pods-TrueTransitionExample/Pods-TrueTransitionExample-frameworks-${CONFIGURATION}-output-files.xcfilelist",
			);
			runOnlyForDeploymentPostprocessing = 0;
			shellPath = /bin/sh;
			shellScript = "\"${PODS_ROOT}/Target Support Files/Pods-TrueTransitionExample/Pods-TrueTransitionExample-frameworks.sh\"\n";
			showEnvVarsInLog = 0;
		};
		412237F111EB79C64BCD9FED /* [CP] Check Pods Manifest.lock */ = {
			isa = PBXShellScriptBuildPhase;
			buildActionMask = 2147483647;
			files = (
			);
			inputFileListPaths = (
			);
			inputPaths = (
				"${PODS_PODFILE_DIR_PATH}/Podfile.lock",
				"${PODS_ROOT}/Manifest.lock",
			);
			name = "[CP] Check Pods Manifest.lock";
			outputFileListPaths = (
			);
			outputPaths = (
				"$(DERIVED_FILE_DIR)/Pods-TrueTransitionExample-checkManifestLockResult.txt",
			);
			runOnlyForDeploymentPostprocessing = 0;
			shellPath = /bin/sh;
			shellScript = "diff \"${PODS_PODFILE_DIR_PATH}/Podfile.lock\" \"${PODS_ROOT}/Manifest.lock\" > /dev/null\nif [ $? != 0 ] ; then\n    # print error to STDERR\n    echo \"error: The sandbox is not in sync with the Podfile.lock. Run 'pod install' or update your CocoaPods installation.\" >&2\n    exit 1\nfi\n# This output is used by Xcode 'outputs' to avoid re-running this script phase.\necho \"SUCCESS\" > \"${SCRIPT_OUTPUT_FILE_0}\"\n";
			showEnvVarsInLog = 0;
		};
/* End PBXShellScriptBuildPhase section */

/* Begin PBXSourcesBuildPhase section */
		700B7A9D2211A88F00CC9D15 /* Sources */ = {
			isa = PBXSourcesBuildPhase;
			buildActionMask = 2147483647;
			files = (
				7072DD8C24579B1F004BEA01 /* AppDelegate.swift in Sources */,
				7072DD8D24579B1F004BEA01 /* NavigationController.swift in Sources */,
				7072DD8824579B1F004BEA01 /* ViewController.swift in Sources */,
			);
			runOnlyForDeploymentPostprocessing = 0;
		};
/* End PBXSourcesBuildPhase section */

/* Begin PBXVariantGroup section */
		7072DD8124579B1F004BEA01 /* LaunchScreen.storyboard */ = {
			isa = PBXVariantGroup;
			children = (
				7072DD8224579B1F004BEA01 /* Base */,
			);
			name = LaunchScreen.storyboard;
			sourceTree = "<group>";
		};
		7072DD8324579B1F004BEA01 /* Main.storyboard */ = {
			isa = PBXVariantGroup;
			children = (
				7072DD8424579B1F004BEA01 /* Base */,
			);
			name = Main.storyboard;
			sourceTree = "<group>";
		};
/* End PBXVariantGroup section */

/* Begin XCBuildConfiguration section */
		700B7AB12211A88F00CC9D15 /* Debug */ = {
			isa = XCBuildConfiguration;
			buildSettings = {
				ALWAYS_SEARCH_USER_PATHS = NO;
				CLANG_ANALYZER_NONNULL = YES;
				CLANG_ANALYZER_NUMBER_OBJECT_CONVERSION = YES_AGGRESSIVE;
				CLANG_CXX_LANGUAGE_STANDARD = "gnu++14";
				CLANG_CXX_LIBRARY = "libc++";
				CLANG_ENABLE_MODULES = YES;
				CLANG_ENABLE_OBJC_ARC = YES;
				CLANG_ENABLE_OBJC_WEAK = YES;
				CLANG_WARN_BLOCK_CAPTURE_AUTORELEASING = YES;
				CLANG_WARN_BOOL_CONVERSION = YES;
				CLANG_WARN_COMMA = YES;
				CLANG_WARN_CONSTANT_CONVERSION = YES;
				CLANG_WARN_DEPRECATED_OBJC_IMPLEMENTATIONS = YES;
				CLANG_WARN_DIRECT_OBJC_ISA_USAGE = YES_ERROR;
				CLANG_WARN_DOCUMENTATION_COMMENTS = YES;
				CLANG_WARN_EMPTY_BODY = YES;
				CLANG_WARN_ENUM_CONVERSION = YES;
				CLANG_WARN_INFINITE_RECURSION = YES;
				CLANG_WARN_INT_CONVERSION = YES;
				CLANG_WARN_NON_LITERAL_NULL_CONVERSION = YES;
				CLANG_WARN_OBJC_IMPLICIT_RETAIN_SELF = YES;
				CLANG_WARN_OBJC_LITERAL_CONVERSION = YES;
				CLANG_WARN_OBJC_ROOT_CLASS = YES_ERROR;
				CLANG_WARN_RANGE_LOOP_ANALYSIS = YES;
				CLANG_WARN_STRICT_PROTOTYPES = YES;
				CLANG_WARN_SUSPICIOUS_MOVE = YES;
				CLANG_WARN_UNGUARDED_AVAILABILITY = YES_AGGRESSIVE;
				CLANG_WARN_UNREACHABLE_CODE = YES;
				CLANG_WARN__DUPLICATE_METHOD_MATCH = YES;
				CODE_SIGN_IDENTITY = "iPhone Developer";
				COPY_PHASE_STRIP = NO;
				DEBUG_INFORMATION_FORMAT = dwarf;
				ENABLE_STRICT_OBJC_MSGSEND = YES;
				ENABLE_TESTABILITY = YES;
				GCC_C_LANGUAGE_STANDARD = gnu11;
				GCC_DYNAMIC_NO_PIC = NO;
				GCC_NO_COMMON_BLOCKS = YES;
				GCC_OPTIMIZATION_LEVEL = 0;
				GCC_PREPROCESSOR_DEFINITIONS = (
					"DEBUG=1",
					"$(inherited)",
				);
				GCC_WARN_64_TO_32_BIT_CONVERSION = YES;
				GCC_WARN_ABOUT_RETURN_TYPE = YES_ERROR;
				GCC_WARN_UNDECLARED_SELECTOR = YES;
				GCC_WARN_UNINITIALIZED_AUTOS = YES_AGGRESSIVE;
				GCC_WARN_UNUSED_FUNCTION = YES;
				GCC_WARN_UNUSED_VARIABLE = YES;
				IPHONEOS_DEPLOYMENT_TARGET = 12.1;
				MTL_ENABLE_DEBUG_INFO = INCLUDE_SOURCE;
				MTL_FAST_MATH = YES;
				ONLY_ACTIVE_ARCH = YES;
				SDKROOT = iphoneos;
				SWIFT_ACTIVE_COMPILATION_CONDITIONS = DEBUG;
				SWIFT_OPTIMIZATION_LEVEL = "-Onone";
			};
			name = Debug;
		};
		700B7AB22211A88F00CC9D15 /* Release */ = {
			isa = XCBuildConfiguration;
			buildSettings = {
				ALWAYS_SEARCH_USER_PATHS = NO;
				CLANG_ANALYZER_NONNULL = YES;
				CLANG_ANALYZER_NUMBER_OBJECT_CONVERSION = YES_AGGRESSIVE;
				CLANG_CXX_LANGUAGE_STANDARD = "gnu++14";
				CLANG_CXX_LIBRARY = "libc++";
				CLANG_ENABLE_MODULES = YES;
				CLANG_ENABLE_OBJC_ARC = YES;
				CLANG_ENABLE_OBJC_WEAK = YES;
				CLANG_WARN_BLOCK_CAPTURE_AUTORELEASING = YES;
				CLANG_WARN_BOOL_CONVERSION = YES;
				CLANG_WARN_COMMA = YES;
				CLANG_WARN_CONSTANT_CONVERSION = YES;
				CLANG_WARN_DEPRECATED_OBJC_IMPLEMENTATIONS = YES;
				CLANG_WARN_DIRECT_OBJC_ISA_USAGE = YES_ERROR;
				CLANG_WARN_DOCUMENTATION_COMMENTS = YES;
				CLANG_WARN_EMPTY_BODY = YES;
				CLANG_WARN_ENUM_CONVERSION = YES;
				CLANG_WARN_INFINITE_RECURSION = YES;
				CLANG_WARN_INT_CONVERSION = YES;
				CLANG_WARN_NON_LITERAL_NULL_CONVERSION = YES;
				CLANG_WARN_OBJC_IMPLICIT_RETAIN_SELF = YES;
				CLANG_WARN_OBJC_LITERAL_CONVERSION = YES;
				CLANG_WARN_OBJC_ROOT_CLASS = YES_ERROR;
				CLANG_WARN_RANGE_LOOP_ANALYSIS = YES;
				CLANG_WARN_STRICT_PROTOTYPES = YES;
				CLANG_WARN_SUSPICIOUS_MOVE = YES;
				CLANG_WARN_UNGUARDED_AVAILABILITY = YES_AGGRESSIVE;
				CLANG_WARN_UNREACHABLE_CODE = YES;
				CLANG_WARN__DUPLICATE_METHOD_MATCH = YES;
				CODE_SIGN_IDENTITY = "iPhone Developer";
				COPY_PHASE_STRIP = NO;
				DEBUG_INFORMATION_FORMAT = "dwarf-with-dsym";
				ENABLE_NS_ASSERTIONS = NO;
				ENABLE_STRICT_OBJC_MSGSEND = YES;
				GCC_C_LANGUAGE_STANDARD = gnu11;
				GCC_NO_COMMON_BLOCKS = YES;
				GCC_WARN_64_TO_32_BIT_CONVERSION = YES;
				GCC_WARN_ABOUT_RETURN_TYPE = YES_ERROR;
				GCC_WARN_UNDECLARED_SELECTOR = YES;
				GCC_WARN_UNINITIALIZED_AUTOS = YES_AGGRESSIVE;
				GCC_WARN_UNUSED_FUNCTION = YES;
				GCC_WARN_UNUSED_VARIABLE = YES;
				IPHONEOS_DEPLOYMENT_TARGET = 12.1;
				MTL_ENABLE_DEBUG_INFO = NO;
				MTL_FAST_MATH = YES;
				SDKROOT = iphoneos;
				SWIFT_COMPILATION_MODE = wholemodule;
				SWIFT_OPTIMIZATION_LEVEL = "-O";
				VALIDATE_PRODUCT = YES;
			};
			name = Release;
		};
		700B7AB42211A88F00CC9D15 /* Debug */ = {
			isa = XCBuildConfiguration;
			baseConfigurationReference = 8A56D5F5653DA429C2AE5E15 /* Pods-TrueTransitionExample.debug.xcconfig */;
			buildSettings = {
				ASSETCATALOG_COMPILER_APPICON_NAME = AppIcon;
				CODE_SIGN_STYLE = Automatic;
				DEVELOPMENT_TEAM = 8Q9FCUT3E8;
				INFOPLIST_FILE = TrueTransition/Info.plist;
				IPHONEOS_DEPLOYMENT_TARGET = 11.0;
				LD_RUNPATH_SEARCH_PATHS = (
					"$(inherited)",
					"@executable_path/Frameworks",
				);
				PRODUCT_BUNDLE_IDENTIFIER = com.shlesberg.TrueTransition;
				PRODUCT_NAME = "$(TARGET_NAME)";
				SWIFT_VERSION = 4.2;
				TARGETED_DEVICE_FAMILY = "1,2";
			};
			name = Debug;
		};
		700B7AB52211A88F00CC9D15 /* Release */ = {
			isa = XCBuildConfiguration;
			baseConfigurationReference = A0D2B9B909B77B2180A0B617 /* Pods-TrueTransitionExample.release.xcconfig */;
			buildSettings = {
				ASSETCATALOG_COMPILER_APPICON_NAME = AppIcon;
				CODE_SIGN_STYLE = Automatic;
				DEVELOPMENT_TEAM = 8Q9FCUT3E8;
				INFOPLIST_FILE = TrueTransition/Info.plist;
				IPHONEOS_DEPLOYMENT_TARGET = 11.0;
				LD_RUNPATH_SEARCH_PATHS = (
					"$(inherited)",
					"@executable_path/Frameworks",
				);
				PRODUCT_BUNDLE_IDENTIFIER = com.shlesberg.TrueTransition;
				PRODUCT_NAME = "$(TARGET_NAME)";
				SWIFT_VERSION = 4.2;
				TARGETED_DEVICE_FAMILY = "1,2";
			};
			name = Release;
		};
/* End XCBuildConfiguration section */

/* Begin XCConfigurationList section */
		700B7A9C2211A88F00CC9D15 /* Build configuration list for PBXProject "TrueTransitionExample" */ = {
			isa = XCConfigurationList;
			buildConfigurations = (
				700B7AB12211A88F00CC9D15 /* Debug */,
				700B7AB22211A88F00CC9D15 /* Release */,
			);
			defaultConfigurationIsVisible = 0;
			defaultConfigurationName = Release;
		};
		700B7AB32211A88F00CC9D15 /* Build configuration list for PBXNativeTarget "TrueTransitionExample" */ = {
			isa = XCConfigurationList;
			buildConfigurations = (
				700B7AB42211A88F00CC9D15 /* Debug */,
				700B7AB52211A88F00CC9D15 /* Release */,
			);
			defaultConfigurationIsVisible = 0;
			defaultConfigurationName = Release;
		};
/* End XCConfigurationList section */
	};
	rootObject = 700B7A992211A88F00CC9D15 /* Project object */;
}
